// !$*UTF8*$!
{
	archiveVersion = 1;
	classes = {
	};
	objectVersion = 50;
	objects = {

/* Begin PBXFileReference section */
		FB9391162430DD5F00C4E898 /* Pokebox.plist */ = {isa = PBXFileReference; lastKnownFileType = text.plist; path = Pokebox.plist; sourceTree = "<group>"; };
		FB9391182430DD5F00C4E898 /* Settings.h */ = {isa = PBXFileReference; fileEncoding = 4; lastKnownFileType = sourcecode.c.h; path = Settings.h; sourceTree = "<group>"; };
		FB93911B2430DD5F00C4E898 /* Root.plist */ = {isa = PBXFileReference; fileEncoding = 4; lastKnownFileType = text.plist.xml; path = Root.plist; sourceTree = "<group>"; };
		FB93911C2430DD5F00C4E898 /* Info.plist */ = {isa = PBXFileReference; fileEncoding = 4; lastKnownFileType = text.plist.xml; path = Info.plist; sourceTree = "<group>"; };
		FB93911D2430DD5F00C4E898 /* PBSettingsController.m */ = {isa = PBXFileReference; fileEncoding = 4; lastKnownFileType = sourcecode.c.objc; path = PBSettingsController.m; sourceTree = "<group>"; };
		FB93911E2430DD5F00C4E898 /* PBHeaderView.m */ = {isa = PBXFileReference; fileEncoding = 4; lastKnownFileType = sourcecode.c.objc; path = PBHeaderView.m; sourceTree = "<group>"; };
		FB93911F2430DD5F00C4E898 /* entry.plist */ = {isa = PBXFileReference; fileEncoding = 4; lastKnownFileType = text.plist.xml; path = entry.plist; sourceTree = "<group>"; };
		FB9391202430DD5F00C4E898 /* PBHeaderView.h */ = {isa = PBXFileReference; fileEncoding = 4; lastKnownFileType = sourcecode.c.h; path = PBHeaderView.h; sourceTree = "<group>"; };
		FB9391212430DD5F00C4E898 /* PBSettingsController.h */ = {isa = PBXFileReference; fileEncoding = 4; lastKnownFileType = sourcecode.c.h; path = PBSettingsController.h; sourceTree = "<group>"; };
		FB9391222430DD5F00C4E898 /* Tweak.x */ = {isa = PBXFileReference; fileEncoding = 4; lastKnownFileType = text; path = Tweak.x; sourceTree = "<group>"; xcLanguageSpecificationIdentifier = xcode.lang.objc; };
		FB9391232430DD5F00C4E898 /* Tweak.h */ = {isa = PBXFileReference; fileEncoding = 4; lastKnownFileType = sourcecode.c.h; path = Tweak.h; sourceTree = "<group>"; };
/* End PBXFileReference section */

/* Begin PBXGroup section */
		FB93910B2430DCF300C4E898 = {
			isa = PBXGroup;
			children = (
				FB9391172430DD5F00C4E898 /* prefs */,
				FB9391162430DD5F00C4E898 /* Pokebox.plist */,
				FB9391232430DD5F00C4E898 /* Tweak.h */,
				FB9391222430DD5F00C4E898 /* Tweak.x */,
			);
			sourceTree = "<group>";
		};
		FB9391172430DD5F00C4E898 /* prefs */ = {
			isa = PBXGroup;
			children = (
				FB9391182430DD5F00C4E898 /* Settings.h */,
				FB93911A2430DD5F00C4E898 /* Resources */,
				FB93911D2430DD5F00C4E898 /* PBSettingsController.m */,
				FB93911E2430DD5F00C4E898 /* PBHeaderView.m */,
				FB93911F2430DD5F00C4E898 /* entry.plist */,
				FB9391202430DD5F00C4E898 /* PBHeaderView.h */,
				FB9391212430DD5F00C4E898 /* PBSettingsController.h */,
			);
			path = prefs;
			sourceTree = "<group>";
		};
		FB93911A2430DD5F00C4E898 /* Resources */ = {
			isa = PBXGroup;
			children = (
				FB93911B2430DD5F00C4E898 /* Root.plist */,
				FB93911C2430DD5F00C4E898 /* Info.plist */,
			);
			path = Resources;
			sourceTree = "<group>";
		};
/* End PBXGroup section */

/* Begin PBXLegacyTarget section */
		FB9391102430DCF300C4E898 /* Pokébox */ = {
			isa = PBXLegacyTarget;
			buildArgumentsString = "do $(ACTION)";
			buildConfigurationList = FB9391132430DCF300C4E898 /* Build configuration list for PBXLegacyTarget "Pokébox" */;
			buildPhases = (
			);
			buildToolPath = /usr/bin/make;
			buildWorkingDirectory = "";
			dependencies = (
			);
			name = "Pokébox";
			passBuildSettingsInEnvironment = 1;
			productName = "Pokébox";
		};
/* End PBXLegacyTarget section */

/* Begin PBXProject section */
		FB93910C2430DCF300C4E898 /* Project object */ = {
			isa = PBXProject;
			attributes = {
				LastUpgradeCheck = 1120;
				ORGANIZATIONNAME = Skitty;
				TargetAttributes = {
					FB9391102430DCF300C4E898 = {
						CreatedOnToolsVersion = 11.2;
					};
				};
			};
			buildConfigurationList = FB93910F2430DCF300C4E898 /* Build configuration list for PBXProject "Pokébox" */;
			compatibilityVersion = "Xcode 9.3";
			developmentRegion = en;
			hasScannedForEncodings = 0;
			knownRegions = (
				en,
				Base,
			);
			mainGroup = FB93910B2430DCF300C4E898;
			projectDirPath = "";
			projectRoot = "";
			targets = (
				FB9391102430DCF300C4E898 /* Pokébox */,
			);
		};
/* End PBXProject section */

/* Begin XCBuildConfiguration section */
		FB9391112430DCF300C4E898 /* Debug */ = {
			isa = XCBuildConfiguration;
			buildSettings = {
				ALWAYS_SEARCH_USER_PATHS = NO;
				CLANG_ANALYZER_NONNULL = YES;
				CLANG_ANALYZER_NUMBER_OBJECT_CONVERSION = YES_AGGRESSIVE;
				CLANG_CXX_LANGUAGE_STANDARD = "gnu++14";
				CLANG_CXX_LIBRARY = "libc++";
				CLANG_ENABLE_MODULES = YES;
				CLANG_ENABLE_OBJC_ARC = YES;
				CLANG_ENABLE_OBJC_WEAK = YES;
				CLANG_WARN_BLOCK_CAPTURE_AUTORELEASING = YES;
				CLANG_WARN_BOOL_CONVERSION = YES;
				CLANG_WARN_COMMA = YES;
				CLANG_WARN_CONSTANT_CONVERSION = YES;
				CLANG_WARN_DEPRECATED_OBJC_IMPLEMENTATIONS = YES;
				CLANG_WARN_DIRECT_OBJC_ISA_USAGE = YES_ERROR;
				CLANG_WARN_DOCUMENTATION_COMMENTS = YES;
				CLANG_WARN_EMPTY_BODY = YES;
				CLANG_WARN_ENUM_CONVERSION = YES;
				CLANG_WARN_INFINITE_RECURSION = YES;
				CLANG_WARN_INT_CONVERSION = YES;
				CLANG_WARN_NON_LITERAL_NULL_CONVERSION = YES;
				CLANG_WARN_OBJC_IMPLICIT_RETAIN_SELF = YES;
				CLANG_WARN_OBJC_LITERAL_CONVERSION = YES;
				CLANG_WARN_OBJC_ROOT_CLASS = YES_ERROR;
				CLANG_WARN_RANGE_LOOP_ANALYSIS = YES;
				CLANG_WARN_STRICT_PROTOTYPES = YES;
				CLANG_WARN_SUSPICIOUS_MOVE = YES;
				CLANG_WARN_UNGUARDED_AVAILABILITY = YES_AGGRESSIVE;
				CLANG_WARN_UNREACHABLE_CODE = YES;
				CLANG_WARN__DUPLICATE_METHOD_MATCH = YES;
				COPY_PHASE_STRIP = NO;
				DEBUG_INFORMATION_FORMAT = dwarf;
				ENABLE_STRICT_OBJC_MSGSEND = YES;
				ENABLE_TESTABILITY = YES;
				GCC_C_LANGUAGE_STANDARD = gnu11;
				GCC_DYNAMIC_NO_PIC = NO;
				GCC_NO_COMMON_BLOCKS = YES;
				GCC_OPTIMIZATION_LEVEL = 0;
				GCC_PREPROCESSOR_DEFINITIONS = (
					"DEBUG=1",
					"$(inherited)",
				);
				GCC_WARN_64_TO_32_BIT_CONVERSION = YES;
				GCC_WARN_ABOUT_RETURN_TYPE = YES_ERROR;
				GCC_WARN_UNDECLARED_SELECTOR = YES;
				GCC_WARN_UNINITIALIZED_AUTOS = YES_AGGRESSIVE;
				GCC_WARN_UNUSED_FUNCTION = YES;
				GCC_WARN_UNUSED_VARIABLE = YES;
				MTL_ENABLE_DEBUG_INFO = INCLUDE_SOURCE;
				MTL_FAST_MATH = YES;
				ONLY_ACTIVE_ARCH = YES;
			};
			name = Debug;
		};
		FB9391122430DCF300C4E898 /* Release */ = {
			isa = XCBuildConfiguration;
			buildSettings = {
				ALWAYS_SEARCH_USER_PATHS = NO;
				CLANG_ANALYZER_NONNULL = YES;
				CLANG_ANALYZER_NUMBER_OBJECT_CONVERSION = YES_AGGRESSIVE;
				CLANG_CXX_LANGUAGE_STANDARD = "gnu++14";
				CLANG_CXX_LIBRARY = "libc++";
				CLANG_ENABLE_MODULES = YES;
				CLANG_ENABLE_OBJC_ARC = YES;
				CLANG_ENABLE_OBJC_WEAK = YES;
				CLANG_WARN_BLOCK_CAPTURE_AUTORELEASING = YES;
				CLANG_WARN_BOOL_CONVERSION = YES;
				CLANG_WARN_COMMA = YES;
				CLANG_WARN_CONSTANT_CONVERSION = YES;
				CLANG_WARN_DEPRECATED_OBJC_IMPLEMENTATIONS = YES;
				CLANG_WARN_DIRECT_OBJC_ISA_USAGE = YES_ERROR;
				CLANG_WARN_DOCUMENTATION_COMMENTS = YES;
				CLANG_WARN_EMPTY_BODY = YES;
				CLANG_WARN_ENUM_CONVERSION = YES;
				CLANG_WARN_INFINITE_RECURSION = YES;
				CLANG_WARN_INT_CONVERSION = YES;
				CLANG_WARN_NON_LITERAL_NULL_CONVERSION = YES;
				CLANG_WARN_OBJC_IMPLICIT_RETAIN_SELF = YES;
				CLANG_WARN_OBJC_LITERAL_CONVERSION = YES;
				CLANG_WARN_OBJC_ROOT_CLASS = YES_ERROR;
				CLANG_WARN_RANGE_LOOP_ANALYSIS = YES;
				CLANG_WARN_STRICT_PROTOTYPES = YES;
				CLANG_WARN_SUSPICIOUS_MOVE = YES;
				CLANG_WARN_UNGUARDED_AVAILABILITY = YES_AGGRESSIVE;
				CLANG_WARN_UNREACHABLE_CODE = YES;
				CLANG_WARN__DUPLICATE_METHOD_MATCH = YES;
				COPY_PHASE_STRIP = NO;
				DEBUG_INFORMATION_FORMAT = "dwarf-with-dsym";
				ENABLE_NS_ASSERTIONS = NO;
				ENABLE_STRICT_OBJC_MSGSEND = YES;
				GCC_C_LANGUAGE_STANDARD = gnu11;
				GCC_NO_COMMON_BLOCKS = YES;
				GCC_WARN_64_TO_32_BIT_CONVERSION = YES;
				GCC_WARN_ABOUT_RETURN_TYPE = YES_ERROR;
				GCC_WARN_UNDECLARED_SELECTOR = YES;
				GCC_WARN_UNINITIALIZED_AUTOS = YES_AGGRESSIVE;
				GCC_WARN_UNUSED_FUNCTION = YES;
				GCC_WARN_UNUSED_VARIABLE = YES;
				MTL_ENABLE_DEBUG_INFO = NO;
				MTL_FAST_MATH = YES;
			};
			name = Release;
		};
		FB9391142430DCF300C4E898 /* Debug */ = {
			isa = XCBuildConfiguration;
			buildSettings = {
				CODE_SIGN_STYLE = Automatic;
				DEBUGGING_SYMBOLS = YES;
				DEBUG_INFORMATION_FORMAT = dwarf;
				GCC_GENERATE_DEBUGGING_SYMBOLS = YES;
				GCC_OPTIMIZATION_LEVEL = 0;
				OTHER_CFLAGS = "";
				OTHER_LDFLAGS = "";
				PRODUCT_NAME = "$(TARGET_NAME)";
				THEOS = "~/theos";
				THEOS_DEVICE_IP = 192.168.0.100;
			};
			name = Debug;
		};
		FB9391152430DCF300C4E898 /* Release */ = {
			isa = XCBuildConfiguration;
			buildSettings = {
				CODE_SIGN_STYLE = Automatic;
				DEBUG_INFORMATION_FORMAT = "dwarf-with-dsym";
				OTHER_CFLAGS = "";
				OTHER_LDFLAGS = "";
				PRODUCT_NAME = "$(TARGET_NAME)";
				THEOS = "~/theos";
				THEOS_DEVICE_IP = 192.168.0.100;
			};
			name = Release;
		};
/* End XCBuildConfiguration section */

/* Begin XCConfigurationList section */
		FB93910F2430DCF300C4E898 /* Build configuration list for PBXProject "Pokébox" */ = {
			isa = XCConfigurationList;
			buildConfigurations = (
				FB9391112430DCF300C4E898 /* Debug */,
				FB9391122430DCF300C4E898 /* Release */,
			);
			defaultConfigurationIsVisible = 0;
			defaultConfigurationName = Release;
		};
		FB9391132430DCF300C4E898 /* Build configuration list for PBXLegacyTarget "Pokébox" */ = {
			isa = XCConfigurationList;
			buildConfigurations = (
				FB9391142430DCF300C4E898 /* Debug */,
				FB9391152430DCF300C4E898 /* Release */,
			);
			defaultConfigurationIsVisible = 0;
			defaultConfigurationName = Release;
		};
/* End XCConfigurationList section */
	};
	rootObject = FB93910C2430DCF300C4E898 /* Project object */;
}
